{
  "name": "urantia-dev-sdks",
  "lockfileVersion": 3,
  "requires": true,
  "packages": {
    "": {
      "name": "urantia-dev-sdks",
      "workspaces": [
        "packages/*"
      ]
    },
    "node_modules/@urantia/api": {
      "resolved": "packages/api",
      "link": true
    },
    "node_modules/@urantia/auth": {
      "resolved": "packages/auth",
      "link": true
    },
    "node_modules/typescript": {
      "version": "5.9.3",
      "resolved": "https://registry.npmjs.org/typescript/-/typescript-5.9.3.tgz",
      "integrity": "sha512-jl1vZzPDinLr9eUt3J/t7V6FgNEw9QjvBPdysz9KfQDD41fQrC2Y4vKQdiaUpFT4bXlb1RHhLpp8wtm6M5TgSw==",
      "dev": true,
      "license": "Apache-2.0",
      "bin": {
        "tsc": "bin/tsc",
        "tsserver": "bin/tsserver"
      },
      "engines": {
        "node": ">=14.17"
      }
    },
    "packages/api": {
      "name": "@urantia/api",
      "version": "0.2.1",
      "license": "MIT",
      "dependencies": {
        "@urantia/api": "^0.2.1"
      },
      "devDependencies": {
        "typescript": "^5.7.0"
      }
    },
    "packages/auth": {
      "name": "@urantia/auth",
      "version": "0.1.0",
      "license": "MIT",
      "devDependencies": {
        "typescript": "^5.7.0"
      }
    }
  }
}
